<Solution>
  <Folder Name="/Task0/">
    <Project Path="Tyuiu.MikhailichenkoAI.Sprint2.Task0.V2.Lib/Tyuiu.MikhailichenkoAI.Sprint2.Task0.V2.Lib.csproj" />
    <Project Path="Tyuiu.MikhailichenkoAI.Sprint2.Task0.V2.Test/Tyuiu.MikhailichenkoAI.Sprint2.Task0.V2.Test.csproj" />
    <Project Path="Tyuiu.MikhailichenkoAI.Sprint2.Task0.V2/Tyuiu.MikhailichenkoAI.Sprint2.Task0.V2.csproj" />
  </Folder>
  <Folder Name="/Task1/">
    <Project Path="Tyuiu.MikhailichenkoAI.Sprint2.Task1.V14.Lib/Tyuiu.MikhailichenkoAI.Sprint2.Task1.V14.Lib.csproj" />
    <Project Path="Tyuiu.MikhailichenkoAI.Sprint2.Task1.V14.Test/Tyuiu.MikhailichenkoAI.Sprint2.Task1.V14.Test.csproj" />
    <Project Path="Tyuiu.MikhailichenkoAI.Sprint2.Task1.V14/Tyuiu.MikhailichenkoAI.Sprint2.Task1.V14.csproj" />
  </Folder>
  <Folder Name="/Task2/">
    <Project Path="Tyuiu.MikhailichenkoAI.Sprint2.Task2.V24.Lib/Tyuiu.MikhailichenkoAI.Sprint2.Task2.V24.Lib.csproj" />
    <Project Path="Tyuiu.MikhailichenkoAI.Sprint2.Task2.V24.Test/Tyuiu.MikhailichenkoAI.Sprint2.Task2.V24.Test.csproj" />
    <Project Path="Tyuiu.MikhailichenkoAI.Sprint2.Task2.V24/Tyuiu.MikhailichenkoAI.Sprint2.Task2.V24.csproj" />
  </Folder>
  <Folder Name="/Task3/">
    <Project Path="Tyuiu.MikhailichenkoAI.Sprint2.Task3.V30.Lib/Tyuiu.MikhailichenkoAI.Sprint2.Task3.V30.Lib.csproj" />
    <Project Path="Tyuiu.MikhailichenkoAI.Sprint2.Task3.V30.Test/Tyuiu.MikhailichenkoAI.Sprint2.Task3.V30.Test.csproj" />
    <Project Path="Tyuiu.MikhailichenkoAI.Sprint2.Task3.V30/Tyuiu.MikhailichenkoAI.Sprint2.Task3.V30.csproj" />
  </Folder>
  <Folder Name="/Task4/">
    <Project Path="Tyuiu.MikhailichenkoAI.Sprint2.Task4.V11.Lib/Tyuiu.MikhailichenkoAI.Sprint2.Task4.V11.Lib.csproj" />
    <Project Path="Tyuiu.MikhailichenkoAI.Sprint2.Task4.V11.Test/Tyuiu.MikhailichenkoAI.Sprint2.Task4.V11.Test.csproj" />
    <Project Path="Tyuiu.MikhailichenkoAI.Sprint2.Task4.V11/Tyuiu.MikhailichenkoAI.Sprint2.Task4.V11.csproj" />
  </Folder>
</Solution>
